
Microsoft Visual Studio Solution File, Format Version 12.00
# Visual Studio Version 17
VisualStudioVersion = 17.6.33712.159
MinimumVisualStudioVersion = 10.0.40219.1
Project("{FAE04EC0-301F-11D3-BF4B-00C04F79EFBC}") = "customrandom", "customrandom.csproj", "{5A43A753-FC92-4925-80BA-B732FDCF65DF}"
EndProject
Global
	GlobalSection(SolutionConfigurationPlatforms) = preSolution
		Debug|Any CPU = Debug|Any CPU
		Release|Any CPU = Release|Any CPU
	EndGlobalSection
	GlobalSection(ProjectConfigurationPlatforms) = postSolution
		{5A43A753-FC92-4925-80BA-B732FDCF65DF}.Debug|Any CPU.ActiveCfg = Debug|Any CPU
		{5A43A753-FC92-4925-80BA-B732FDCF65DF}.Debug|Any CPU.Build.0 = Debug|Any CPU
		{5A43A753-FC92-4925-80BA-B732FDCF65DF}.Release|Any CPU.ActiveCfg = Release|Any CPU
		{5A43A753-FC92-4925-80BA-B732FDCF65DF}.Release|Any CPU.Build.0 = Release|Any CPU
	EndGlobalSection
	GlobalSection(SolutionProperties) = preSolution
		HideSolutionNode = FALSE
	EndGlobalSection
	GlobalSection(ExtensibilityGlobals) = postSolution
		SolutionGuid = {39E5D65C-9C4E-4592-8004-5CFB63C0CBB5}
	EndGlobalSection
EndGlobal
